// !$*UTF8*$!
{
	archiveVersion = 1;
	classes = {
	};
	objectVersion = 52;
	objects = {

/* Begin PBXBuildFile section */
		7301227726BF258F0007B086 /* Stargazers.framework in Frameworks */ = {isa = PBXBuildFile; fileRef = 7301226D26BF258F0007B086 /* Stargazers.framework */; };
		730122A426BF3EB20007B086 /* StargazersLoader.swift in Sources */ = {isa = PBXBuildFile; fileRef = 730122A326BF3EB20007B086 /* StargazersLoader.swift */; };
		730122A626BF3F0B0007B086 /* Stargazer.swift in Sources */ = {isa = PBXBuildFile; fileRef = 730122A526BF3F0B0007B086 /* Stargazer.swift */; };
		730122A826BF4FB30007B086 /* LoadStargazersFromRemoteUseCaseTests.swift in Sources */ = {isa = PBXBuildFile; fileRef = 730122A726BF4FB30007B086 /* LoadStargazersFromRemoteUseCaseTests.swift */; };
		730E681E26C880D700481C11 /* LoadStargazersFromCacheUseCaseTests.swift in Sources */ = {isa = PBXBuildFile; fileRef = 730E681D26C880D700481C11 /* LoadStargazersFromCacheUseCaseTests.swift */; };
		730E682426C88C7E00481C11 /* TestHelpers.swift in Sources */ = {isa = PBXBuildFile; fileRef = 730E682326C88C7E00481C11 /* TestHelpers.swift */; };
		7310F6042727566F00C81843 /* CodableStargazersStoreTests.swift in Sources */ = {isa = PBXBuildFile; fileRef = 7310F6032727566F00C81843 /* CodableStargazersStoreTests.swift */; };
		731450B227AC956A002AC688 /* TestHelpers.swift in Sources */ = {isa = PBXBuildFile; fileRef = 730E682326C88C7E00481C11 /* TestHelpers.swift */; };
		7316209926C1AF3E00EAA0E2 /* URLSessionHTTPClient.swift in Sources */ = {isa = PBXBuildFile; fileRef = 7316209826C1AF3E00EAA0E2 /* URLSessionHTTPClient.swift */; };
		7316209B26C1DF2B00EAA0E2 /* XCTestCase+MemoryLeaksTracking.swift in Sources */ = {isa = PBXBuildFile; fileRef = 7316209A26C1DF2B00EAA0E2 /* XCTestCase+MemoryLeaksTracking.swift */; };
		733C46A02755793C00EE4223 /* StargazersStoreSpecs.swift in Sources */ = {isa = PBXBuildFile; fileRef = 733C469F2755793C00EE4223 /* StargazersStoreSpecs.swift */; };
		733C46A227557A8600EE4223 /* StargazersStoreSpecs+Helpers.swift in Sources */ = {isa = PBXBuildFile; fileRef = 733C46A127557A8600EE4223 /* StargazersStoreSpecs+Helpers.swift */; };
		733EC20426D981A00097DFA0 /* LocalStargazersLoader.swift in Sources */ = {isa = PBXBuildFile; fileRef = 733EC20326D981A00097DFA0 /* LocalStargazersLoader.swift */; };
		733EC20626D981D50097DFA0 /* StargazersStore.swift in Sources */ = {isa = PBXBuildFile; fileRef = 733EC20526D981D50097DFA0 /* StargazersStore.swift */; };
		733EC20826D982280097DFA0 /* LocalStargazer.swift in Sources */ = {isa = PBXBuildFile; fileRef = 733EC20726D982280097DFA0 /* LocalStargazer.swift */; };
		733EC20A26D982920097DFA0 /* LocalRepository.swift in Sources */ = {isa = PBXBuildFile; fileRef = 733EC20926D982920097DFA0 /* LocalRepository.swift */; };
		733EC20C26D982C90097DFA0 /* StargazersArray+toLocal.swift in Sources */ = {isa = PBXBuildFile; fileRef = 733EC20B26D982C90097DFA0 /* StargazersArray+toLocal.swift */; };
		733EC20E26D982FC0097DFA0 /* Stargazer+toLocal.swift in Sources */ = {isa = PBXBuildFile; fileRef = 733EC20D26D982FC0097DFA0 /* Stargazer+toLocal.swift */; };
		733EC21026D9835E0097DFA0 /* LocalStargazersArray+toModel.swift in Sources */ = {isa = PBXBuildFile; fileRef = 733EC20F26D9835E0097DFA0 /* LocalStargazersArray+toModel.swift */; };
		733EC21226D983960097DFA0 /* LocalStargazer+toModel.swift in Sources */ = {isa = PBXBuildFile; fileRef = 733EC21126D983960097DFA0 /* LocalStargazer+toModel.swift */; };
		733EC21426D983B60097DFA0 /* Repository+toModel.swift in Sources */ = {isa = PBXBuildFile; fileRef = 733EC21326D983B60097DFA0 /* Repository+toModel.swift */; };
		7352C65427AEE34C00D6F9B1 /* StargazerCell.swift in Sources */ = {isa = PBXBuildFile; fileRef = 7352C65327AEE34C00D6F9B1 /* StargazerCell.swift */; };
		7360A5AF2781FBF7006A807B /* XCTestCase+MemoryLeaksTracking.swift in Sources */ = {isa = PBXBuildFile; fileRef = 7316209A26C1DF2B00EAA0E2 /* XCTestCase+MemoryLeaksTracking.swift */; };
		7361DC4327B918E9005B7DDE /* StargazersRefreshController.swift in Sources */ = {isa = PBXBuildFile; fileRef = 7361DC4227B918E9005B7DDE /* StargazersRefreshController.swift */; };
		7361DC4527B9293A005B7DDE /* StargazerCellController.swift in Sources */ = {isa = PBXBuildFile; fileRef = 7361DC4427B9293A005B7DDE /* StargazerCellController.swift */; };
		7369EFF12782322500F615E2 /* TestHelpers.swift in Sources */ = {isa = PBXBuildFile; fileRef = 730E682326C88C7E00481C11 /* TestHelpers.swift */; };
		737DDB6E27AB3F8800F362C6 /* StargazersiOS.framework in Frameworks */ = {isa = PBXBuildFile; fileRef = 733695A0279C17A50066A6C1 /* StargazersiOS.framework */; };
		737DDB6F27AB404000F362C6 /* Stargazers.framework in Frameworks */ = {isa = PBXBuildFile; fileRef = 7301226D26BF258F0007B086 /* Stargazers.framework */; platformFilter = ios; };
		737DDB7027AB404000F362C6 /* Stargazers.framework in Embed Frameworks */ = {isa = PBXBuildFile; fileRef = 7301226D26BF258F0007B086 /* Stargazers.framework */; settings = {ATTRIBUTES = (CodeSignOnCopy, RemoveHeadersOnCopy, ); }; };
		737DDB7427AB41B600F362C6 /* XCTestCase+MemoryLeaksTracking.swift in Sources */ = {isa = PBXBuildFile; fileRef = 7316209A26C1DF2B00EAA0E2 /* XCTestCase+MemoryLeaksTracking.swift */; };
		738B444926CF8ADA0042503F /* Strings+UTF8DataEncoding.swift in Sources */ = {isa = PBXBuildFile; fileRef = 738B444826CF8ADA0042503F /* Strings+UTF8DataEncoding.swift */; };
		7399298C2776748800180E02 /* StargazersCacheIntegrationTests.swift in Sources */ = {isa = PBXBuildFile; fileRef = 7399298B2776748800180E02 /* StargazersCacheIntegrationTests.swift */; };
		7399298D2776748800180E02 /* Stargazers.framework in Frameworks */ = {isa = PBXBuildFile; fileRef = 7301226D26BF258F0007B086 /* Stargazers.framework */; };
		73A979A227B86DE800853B39 /* StargazersImageLoader.swift in Sources */ = {isa = PBXBuildFile; fileRef = 73A979A127B86DE800853B39 /* StargazersImageLoader.swift */; };
		73AE8528274179A800B4698E /* CodableStargazersStore.swift in Sources */ = {isa = PBXBuildFile; fileRef = 73AE8527274179A800B4698E /* CodableStargazersStore.swift */; };
		73CD699C27ADE44E00C992FA /* StargazersViewController.swift in Sources */ = {isa = PBXBuildFile; fileRef = 73CD699B27ADE44E00C992FA /* StargazersViewController.swift */; };
		73D3B20727A1FECB009BEAA2 /* StargazersViewControllerTests.swift in Sources */ = {isa = PBXBuildFile; fileRef = 73D3B20627A1FECB009BEAA2 /* StargazersViewControllerTests.swift */; };
		73D4E9FF26C4801C00C2B9F1 /* StargazersAPIEndToEndTests.swift in Sources */ = {isa = PBXBuildFile; fileRef = 73D4E9FE26C4801C00C2B9F1 /* StargazersAPIEndToEndTests.swift */; };
		73D4EA0126C4801C00C2B9F1 /* Stargazers.framework in Frameworks */ = {isa = PBXBuildFile; fileRef = 7301226D26BF258F0007B086 /* Stargazers.framework */; };
		73D7631026C0133C005CCEC2 /* RemoteStargazersLoader.swift in Sources */ = {isa = PBXBuildFile; fileRef = 73D7630F26C0133C005CCEC2 /* RemoteStargazersLoader.swift */; };
		73D7631226C0135A005CCEC2 /* HTTPClient.swift in Sources */ = {isa = PBXBuildFile; fileRef = 73D7631126C0135A005CCEC2 /* HTTPClient.swift */; };
		73D7631526C09E05005CCEC2 /* RemoteStargazersMapper.swift in Sources */ = {isa = PBXBuildFile; fileRef = 73D7631426C09E05005CCEC2 /* RemoteStargazersMapper.swift */; };
		73D7631726C14198005CCEC2 /* HTTPURLResponse+StatusCode.swift in Sources */ = {isa = PBXBuildFile; fileRef = 73D7631626C14198005CCEC2 /* HTTPURLResponse+StatusCode.swift */; };
		73D7631926C14224005CCEC2 /* RemoteStargazerItems+ModelMapping.swift in Sources */ = {isa = PBXBuildFile; fileRef = 73D7631826C14224005CCEC2 /* RemoteStargazerItems+ModelMapping.swift */; };
		73D7631C26C171D8005CCEC2 /* URLSessionHTTPClientTests.swift in Sources */ = {isa = PBXBuildFile; fileRef = 73D7631B26C171D8005CCEC2 /* URLSessionHTTPClientTests.swift */; };
		73DD5E3026D59115002E7B5C /* XCTestCase+MemoryLeaksTracking.swift in Sources */ = {isa = PBXBuildFile; fileRef = 7316209A26C1DF2B00EAA0E2 /* XCTestCase+MemoryLeaksTracking.swift */; };
		73E0D83F26DED3E5001FF825 /* WeakRefProxy.swift in Sources */ = {isa = PBXBuildFile; fileRef = 73E0D83E26DED3E5001FF825 /* WeakRefProxy.swift */; };
		73E0D84526DED47E001FF825 /* StargazersSaver.swift in Sources */ = {isa = PBXBuildFile; fileRef = 73E0D84426DED47E001FF825 /* StargazersSaver.swift */; };
		73E0D84B26DED545001FF825 /* Optional+WeakRefProxyConversion.swift in Sources */ = {isa = PBXBuildFile; fileRef = 73E0D84A26DED545001FF825 /* Optional+WeakRefProxyConversion.swift */; };
		73E38EFF26C9C0F300556AD4 /* Repository.swift in Sources */ = {isa = PBXBuildFile; fileRef = 73E38EFE26C9C0F300556AD4 /* Repository.swift */; };
		73E5BB0626E3C08000D85231 /* CacheStargazersUseCaseTests.swift in Sources */ = {isa = PBXBuildFile; fileRef = 73E5BB0526E3C08000D85231 /* CacheStargazersUseCaseTests.swift */; };
		73E5BB0C26E3C88900D85231 /* StargazersStoreSpy.swift in Sources */ = {isa = PBXBuildFile; fileRef = 73E5BB0B26E3C88900D85231 /* StargazersStoreSpy.swift */; };
		73E5BB0E26E3CC1600D85231 /* CacheTestHelpers.swift in Sources */ = {isa = PBXBuildFile; fileRef = 73E5BB0D26E3CC1600D85231 /* CacheTestHelpers.swift */; };
		73E5BB1426E3D47900D85231 /* LocalStargazesLoader+StargazersSaver.swift in Sources */ = {isa = PBXBuildFile; fileRef = 73E5BB1326E3D47900D85231 /* LocalStargazesLoader+StargazersSaver.swift */; };
		73E5BB1626E3D4D800D85231 /* WeakRefProxy+StargazersSaver.swift in Sources */ = {isa = PBXBuildFile; fileRef = 73E5BB1526E3D4D800D85231 /* WeakRefProxy+StargazersSaver.swift */; };
		73EE324C26E0215F000CA9B2 /* RemoteStargazer.swift in Sources */ = {isa = PBXBuildFile; fileRef = 73EE324B26E0215F000CA9B2 /* RemoteStargazer.swift */; };
/* End PBXBuildFile section */

/* Begin PBXContainerItemProxy section */
		7301227826BF258F0007B086 /* PBXContainerItemProxy */ = {
			isa = PBXContainerItemProxy;
			containerPortal = 7301226426BF258F0007B086 /* Project object */;
			proxyType = 1;
			remoteGlobalIDString = 7301226C26BF258F0007B086;
			remoteInfo = Stargazers;
		};
		737DDB6B27AB3F8200F362C6 /* PBXContainerItemProxy */ = {
			isa = PBXContainerItemProxy;
			containerPortal = 7301226426BF258F0007B086 /* Project object */;
			proxyType = 1;
			remoteGlobalIDString = 7336959F279C17A50066A6C1;
			remoteInfo = StargazersiOS;
		};
		737DDB7127AB404000F362C6 /* PBXContainerItemProxy */ = {
			isa = PBXContainerItemProxy;
			containerPortal = 7301226426BF258F0007B086 /* Project object */;
			proxyType = 1;
			remoteGlobalIDString = 7301226C26BF258F0007B086;
			remoteInfo = Stargazers;
		};
		7399298E2776748800180E02 /* PBXContainerItemProxy */ = {
			isa = PBXContainerItemProxy;
			containerPortal = 7301226426BF258F0007B086 /* Project object */;
			proxyType = 1;
			remoteGlobalIDString = 7301226C26BF258F0007B086;
			remoteInfo = Stargazers;
		};
		73D4EA0226C4801C00C2B9F1 /* PBXContainerItemProxy */ = {
			isa = PBXContainerItemProxy;
			containerPortal = 7301226426BF258F0007B086 /* Project object */;
			proxyType = 1;
			remoteGlobalIDString = 7301226C26BF258F0007B086;
			remoteInfo = Stargazers;
		};
/* End PBXContainerItemProxy section */

/* Begin PBXCopyFilesBuildPhase section */
		737DDB7327AB404000F362C6 /* Embed Frameworks */ = {
			isa = PBXCopyFilesBuildPhase;
			buildActionMask = 2147483647;
			dstPath = "";
			dstSubfolderSpec = 10;
			files = (
				737DDB7027AB404000F362C6 /* Stargazers.framework in Embed Frameworks */,
			);
			name = "Embed Frameworks";
			runOnlyForDeploymentPostprocessing = 0;
		};
/* End PBXCopyFilesBuildPhase section */

/* Begin PBXFileReference section */
		7301226D26BF258F0007B086 /* Stargazers.framework */ = {isa = PBXFileReference; explicitFileType = wrapper.framework; includeInIndex = 0; path = Stargazers.framework; sourceTree = BUILT_PRODUCTS_DIR; };
		7301227626BF258F0007B086 /* StargazersTests.xctest */ = {isa = PBXFileReference; explicitFileType = wrapper.cfbundle; includeInIndex = 0; path = StargazersTests.xctest; sourceTree = BUILT_PRODUCTS_DIR; };
		730122A326BF3EB20007B086 /* StargazersLoader.swift */ = {isa = PBXFileReference; lastKnownFileType = sourcecode.swift; path = StargazersLoader.swift; sourceTree = "<group>"; };
		730122A526BF3F0B0007B086 /* Stargazer.swift */ = {isa = PBXFileReference; lastKnownFileType = sourcecode.swift; path = Stargazer.swift; sourceTree = "<group>"; };
		730122A726BF4FB30007B086 /* LoadStargazersFromRemoteUseCaseTests.swift */ = {isa = PBXFileReference; lastKnownFileType = sourcecode.swift; path = LoadStargazersFromRemoteUseCaseTests.swift; sourceTree = "<group>"; };
		730E681D26C880D700481C11 /* LoadStargazersFromCacheUseCaseTests.swift */ = {isa = PBXFileReference; lastKnownFileType = sourcecode.swift; path = LoadStargazersFromCacheUseCaseTests.swift; sourceTree = "<group>"; };
		730E682326C88C7E00481C11 /* TestHelpers.swift */ = {isa = PBXFileReference; lastKnownFileType = sourcecode.swift; path = TestHelpers.swift; sourceTree = "<group>"; };
		7310F6032727566F00C81843 /* CodableStargazersStoreTests.swift */ = {isa = PBXFileReference; lastKnownFileType = sourcecode.swift; path = CodableStargazersStoreTests.swift; sourceTree = "<group>"; };
		7316209826C1AF3E00EAA0E2 /* URLSessionHTTPClient.swift */ = {isa = PBXFileReference; lastKnownFileType = sourcecode.swift; path = URLSessionHTTPClient.swift; sourceTree = "<group>"; };
		7316209A26C1DF2B00EAA0E2 /* XCTestCase+MemoryLeaksTracking.swift */ = {isa = PBXFileReference; lastKnownFileType = sourcecode.swift; path = "XCTestCase+MemoryLeaksTracking.swift"; sourceTree = "<group>"; };
		733695A0279C17A50066A6C1 /* StargazersiOS.framework */ = {isa = PBXFileReference; explicitFileType = wrapper.framework; includeInIndex = 0; path = StargazersiOS.framework; sourceTree = BUILT_PRODUCTS_DIR; };
		733695A9279C17A60066A6C1 /* StargazersiOSTests.xctest */ = {isa = PBXFileReference; explicitFileType = wrapper.cfbundle; includeInIndex = 0; path = StargazersiOSTests.xctest; sourceTree = BUILT_PRODUCTS_DIR; };
		733C469F2755793C00EE4223 /* StargazersStoreSpecs.swift */ = {isa = PBXFileReference; lastKnownFileType = sourcecode.swift; path = StargazersStoreSpecs.swift; sourceTree = "<group>"; };
		733C46A127557A8600EE4223 /* StargazersStoreSpecs+Helpers.swift */ = {isa = PBXFileReference; lastKnownFileType = sourcecode.swift; path = "StargazersStoreSpecs+Helpers.swift"; sourceTree = "<group>"; };
		733EC20326D981A00097DFA0 /* LocalStargazersLoader.swift */ = {isa = PBXFileReference; lastKnownFileType = sourcecode.swift; path = LocalStargazersLoader.swift; sourceTree = "<group>"; };
		733EC20526D981D50097DFA0 /* StargazersStore.swift */ = {isa = PBXFileReference; lastKnownFileType = sourcecode.swift; path = StargazersStore.swift; sourceTree = "<group>"; };
		733EC20726D982280097DFA0 /* LocalStargazer.swift */ = {isa = PBXFileReference; lastKnownFileType = sourcecode.swift; path = LocalStargazer.swift; sourceTree = "<group>"; };
		733EC20926D982920097DFA0 /* LocalRepository.swift */ = {isa = PBXFileReference; lastKnownFileType = sourcecode.swift; path = LocalRepository.swift; sourceTree = "<group>"; };
		733EC20B26D982C90097DFA0 /* StargazersArray+toLocal.swift */ = {isa = PBXFileReference; lastKnownFileType = sourcecode.swift; path = "StargazersArray+toLocal.swift"; sourceTree = "<group>"; };
		733EC20D26D982FC0097DFA0 /* Stargazer+toLocal.swift */ = {isa = PBXFileReference; lastKnownFileType = sourcecode.swift; path = "Stargazer+toLocal.swift"; sourceTree = "<group>"; };
		733EC20F26D9835E0097DFA0 /* LocalStargazersArray+toModel.swift */ = {isa = PBXFileReference; lastKnownFileType = sourcecode.swift; path = "LocalStargazersArray+toModel.swift"; sourceTree = "<group>"; };
		733EC21126D983960097DFA0 /* LocalStargazer+toModel.swift */ = {isa = PBXFileReference; lastKnownFileType = sourcecode.swift; path = "LocalStargazer+toModel.swift"; sourceTree = "<group>"; };
		733EC21326D983B60097DFA0 /* Repository+toModel.swift */ = {isa = PBXFileReference; lastKnownFileType = sourcecode.swift; path = "Repository+toModel.swift"; sourceTree = "<group>"; };
		7352C65327AEE34C00D6F9B1 /* StargazerCell.swift */ = {isa = PBXFileReference; lastKnownFileType = sourcecode.swift; path = StargazerCell.swift; sourceTree = "<group>"; };
		7361DC4227B918E9005B7DDE /* StargazersRefreshController.swift */ = {isa = PBXFileReference; lastKnownFileType = sourcecode.swift; path = StargazersRefreshController.swift; sourceTree = "<group>"; };
		7361DC4427B9293A005B7DDE /* StargazerCellController.swift */ = {isa = PBXFileReference; lastKnownFileType = sourcecode.swift; path = StargazerCellController.swift; sourceTree = "<group>"; };
		738B444826CF8ADA0042503F /* Strings+UTF8DataEncoding.swift */ = {isa = PBXFileReference; lastKnownFileType = sourcecode.swift; path = "Strings+UTF8DataEncoding.swift"; sourceTree = "<group>"; };
		739929892776748800180E02 /* StargazersCacheIntegrationTests.xctest */ = {isa = PBXFileReference; explicitFileType = wrapper.cfbundle; includeInIndex = 0; path = StargazersCacheIntegrationTests.xctest; sourceTree = BUILT_PRODUCTS_DIR; };
		7399298B2776748800180E02 /* StargazersCacheIntegrationTests.swift */ = {isa = PBXFileReference; lastKnownFileType = sourcecode.swift; path = StargazersCacheIntegrationTests.swift; sourceTree = "<group>"; };
		73A979A127B86DE800853B39 /* StargazersImageLoader.swift */ = {isa = PBXFileReference; lastKnownFileType = sourcecode.swift; path = StargazersImageLoader.swift; sourceTree = "<group>"; };
		73AE8527274179A800B4698E /* CodableStargazersStore.swift */ = {isa = PBXFileReference; lastKnownFileType = sourcecode.swift; path = CodableStargazersStore.swift; sourceTree = "<group>"; };
		73CD699B27ADE44E00C992FA /* StargazersViewController.swift */ = {isa = PBXFileReference; lastKnownFileType = sourcecode.swift; path = StargazersViewController.swift; sourceTree = "<group>"; };
		73D3B20627A1FECB009BEAA2 /* StargazersViewControllerTests.swift */ = {isa = PBXFileReference; lastKnownFileType = sourcecode.swift; path = StargazersViewControllerTests.swift; sourceTree = "<group>"; };
		73D4E9FC26C4801C00C2B9F1 /* StargazersAPIEndToEndTests.xctest */ = {isa = PBXFileReference; explicitFileType = wrapper.cfbundle; includeInIndex = 0; path = StargazersAPIEndToEndTests.xctest; sourceTree = BUILT_PRODUCTS_DIR; };
		73D4E9FE26C4801C00C2B9F1 /* StargazersAPIEndToEndTests.swift */ = {isa = PBXFileReference; lastKnownFileType = sourcecode.swift; path = StargazersAPIEndToEndTests.swift; sourceTree = "<group>"; };
		73D7630F26C0133C005CCEC2 /* RemoteStargazersLoader.swift */ = {isa = PBXFileReference; lastKnownFileType = sourcecode.swift; path = RemoteStargazersLoader.swift; sourceTree = "<group>"; };
		73D7631126C0135A005CCEC2 /* HTTPClient.swift */ = {isa = PBXFileReference; lastKnownFileType = sourcecode.swift; path = HTTPClient.swift; sourceTree = "<group>"; };
		73D7631426C09E05005CCEC2 /* RemoteStargazersMapper.swift */ = {isa = PBXFileReference; lastKnownFileType = sourcecode.swift; path = RemoteStargazersMapper.swift; sourceTree = "<group>"; };
		73D7631626C14198005CCEC2 /* HTTPURLResponse+StatusCode.swift */ = {isa = PBXFileReference; lastKnownFileType = sourcecode.swift; path = "HTTPURLResponse+StatusCode.swift"; sourceTree = "<group>"; };
		73D7631826C14224005CCEC2 /* RemoteStargazerItems+ModelMapping.swift */ = {isa = PBXFileReference; lastKnownFileType = sourcecode.swift; path = "RemoteStargazerItems+ModelMapping.swift"; sourceTree = "<group>"; };
		73D7631B26C171D8005CCEC2 /* URLSessionHTTPClientTests.swift */ = {isa = PBXFileReference; lastKnownFileType = sourcecode.swift; path = URLSessionHTTPClientTests.swift; sourceTree = "<group>"; };
		73E0D83E26DED3E5001FF825 /* WeakRefProxy.swift */ = {isa = PBXFileReference; lastKnownFileType = sourcecode.swift; path = WeakRefProxy.swift; sourceTree = "<group>"; };
		73E0D84426DED47E001FF825 /* StargazersSaver.swift */ = {isa = PBXFileReference; lastKnownFileType = sourcecode.swift; path = StargazersSaver.swift; sourceTree = "<group>"; };
		73E0D84A26DED545001FF825 /* Optional+WeakRefProxyConversion.swift */ = {isa = PBXFileReference; lastKnownFileType = sourcecode.swift; path = "Optional+WeakRefProxyConversion.swift"; sourceTree = "<group>"; };
		73E38EFE26C9C0F300556AD4 /* Repository.swift */ = {isa = PBXFileReference; lastKnownFileType = sourcecode.swift; path = Repository.swift; sourceTree = "<group>"; };
		73E5BB0526E3C08000D85231 /* CacheStargazersUseCaseTests.swift */ = {isa = PBXFileReference; lastKnownFileType = sourcecode.swift; path = CacheStargazersUseCaseTests.swift; sourceTree = "<group>"; };
		73E5BB0B26E3C88900D85231 /* StargazersStoreSpy.swift */ = {isa = PBXFileReference; lastKnownFileType = sourcecode.swift; path = StargazersStoreSpy.swift; sourceTree = "<group>"; };
		73E5BB0D26E3CC1600D85231 /* CacheTestHelpers.swift */ = {isa = PBXFileReference; lastKnownFileType = sourcecode.swift; path = CacheTestHelpers.swift; sourceTree = "<group>"; };
		73E5BB1326E3D47900D85231 /* LocalStargazesLoader+StargazersSaver.swift */ = {isa = PBXFileReference; lastKnownFileType = sourcecode.swift; path = "LocalStargazesLoader+StargazersSaver.swift"; sourceTree = "<group>"; };
		73E5BB1526E3D4D800D85231 /* WeakRefProxy+StargazersSaver.swift */ = {isa = PBXFileReference; lastKnownFileType = sourcecode.swift; path = "WeakRefProxy+StargazersSaver.swift"; sourceTree = "<group>"; };
		73EE324B26E0215F000CA9B2 /* RemoteStargazer.swift */ = {isa = PBXFileReference; lastKnownFileType = sourcecode.swift; path = RemoteStargazer.swift; sourceTree = "<group>"; };
/* End PBXFileReference section */

/* Begin PBXFrameworksBuildPhase section */
		7301226A26BF258F0007B086 /* Frameworks */ = {
			isa = PBXFrameworksBuildPhase;
			buildActionMask = 2147483647;
			files = (
			);
			runOnlyForDeploymentPostprocessing = 0;
		};
		7301227326BF258F0007B086 /* Frameworks */ = {
			isa = PBXFrameworksBuildPhase;
			buildActionMask = 2147483647;
			files = (
				7301227726BF258F0007B086 /* Stargazers.framework in Frameworks */,
			);
			runOnlyForDeploymentPostprocessing = 0;
		};
		7336959D279C17A50066A6C1 /* Frameworks */ = {
			isa = PBXFrameworksBuildPhase;
			buildActionMask = 2147483647;
			files = (
				737DDB6F27AB404000F362C6 /* Stargazers.framework in Frameworks */,
			);
			runOnlyForDeploymentPostprocessing = 0;
		};
		733695A6279C17A60066A6C1 /* Frameworks */ = {
			isa = PBXFrameworksBuildPhase;
			buildActionMask = 2147483647;
			files = (
				737DDB6E27AB3F8800F362C6 /* StargazersiOS.framework in Frameworks */,
			);
			runOnlyForDeploymentPostprocessing = 0;
		};
		739929862776748800180E02 /* Frameworks */ = {
			isa = PBXFrameworksBuildPhase;
			buildActionMask = 2147483647;
			files = (
				7399298D2776748800180E02 /* Stargazers.framework in Frameworks */,
			);
			runOnlyForDeploymentPostprocessing = 0;
		};
		73D4E9F926C4801C00C2B9F1 /* Frameworks */ = {
			isa = PBXFrameworksBuildPhase;
			buildActionMask = 2147483647;
			files = (
				73D4EA0126C4801C00C2B9F1 /* Stargazers.framework in Frameworks */,
			);
			runOnlyForDeploymentPostprocessing = 0;
		};
/* End PBXFrameworksBuildPhase section */

/* Begin PBXGroup section */
		7301226326BF258F0007B086 = {
			isa = PBXGroup;
			children = (
				7301226F26BF258F0007B086 /* Stargazers */,
				7301227A26BF258F0007B086 /* StargazersTests */,
				73D4E9FD26C4801C00C2B9F1 /* StargazersAPIEndToEndTests */,
				7399298A2776748800180E02 /* StargazersCacheIntegrationTests */,
				733695A1279C17A60066A6C1 /* StargazersiOS */,
				733695AD279C17A70066A6C1 /* StargazersiOSTests */,
				7301226E26BF258F0007B086 /* Products */,
				737DDB6D27AB3F8800F362C6 /* Frameworks */,
			);
			sourceTree = "<group>";
		};
		7301226E26BF258F0007B086 /* Products */ = {
			isa = PBXGroup;
			children = (
				7301226D26BF258F0007B086 /* Stargazers.framework */,
				7301227626BF258F0007B086 /* StargazersTests.xctest */,
				73D4E9FC26C4801C00C2B9F1 /* StargazersAPIEndToEndTests.xctest */,
				739929892776748800180E02 /* StargazersCacheIntegrationTests.xctest */,
				733695A0279C17A50066A6C1 /* StargazersiOS.framework */,
				733695A9279C17A60066A6C1 /* StargazersiOSTests.xctest */,
			);
			name = Products;
			sourceTree = "<group>";
		};
		7301226F26BF258F0007B086 /* Stargazers */ = {
			isa = PBXGroup;
			children = (
				73D7630E26C01301005CCEC2 /* Stargazers API */,
				733EC20226D980FD0097DFA0 /* Stargazers Cache */,
				73D7631326C016F1005CCEC2 /* Stargazers Feature */,
			);
			path = Stargazers;
			sourceTree = "<group>";
		};
		7301227A26BF258F0007B086 /* StargazersTests */ = {
			isa = PBXGroup;
			children = (
				730E682226C88C6000481C11 /* Helpers */,
				73D7631A26C1484A005CCEC2 /* Stargazers API */,
				730E681F26C880DB00481C11 /* Stargazers Cache */,
			);
			path = StargazersTests;
			sourceTree = "<group>";
		};
		730E681F26C880DB00481C11 /* Stargazers Cache */ = {
			isa = PBXGroup;
			children = (
				73E0D83C26DED3D0001FF825 /* Helpers */,
				7311EDCD278F8F98000606BA /* Store */,
				7311EDCC278F8F82000606BA /* UseCase */,
			);
			path = "Stargazers Cache";
			sourceTree = "<group>";
		};
		730E682226C88C6000481C11 /* Helpers */ = {
			isa = PBXGroup;
			children = (
				7316209A26C1DF2B00EAA0E2 /* XCTestCase+MemoryLeaksTracking.swift */,
				730E682326C88C7E00481C11 /* TestHelpers.swift */,
			);
			path = Helpers;
			sourceTree = "<group>";
		};
		7311EDC8278F8CA4000606BA /* Loader */ = {
			isa = PBXGroup;
			children = (
				7311EDCA278F8D9A000606BA /* Helpers */,
				733EC20326D981A00097DFA0 /* LocalStargazersLoader.swift */,
			);
			path = Loader;
			sourceTree = "<group>";
		};
		7311EDC9278F8D2F000606BA /* Store */ = {
			isa = PBXGroup;
			children = (
				733EC20526D981D50097DFA0 /* StargazersStore.swift */,
				73AE8527274179A800B4698E /* CodableStargazersStore.swift */,
			);
			path = Store;
			sourceTree = "<group>";
		};
		7311EDCA278F8D9A000606BA /* Helpers */ = {
			isa = PBXGroup;
			children = (
				733EC20B26D982C90097DFA0 /* StargazersArray+toLocal.swift */,
				733EC20D26D982FC0097DFA0 /* Stargazer+toLocal.swift */,
				733EC20F26D9835E0097DFA0 /* LocalStargazersArray+toModel.swift */,
				733EC21126D983960097DFA0 /* LocalStargazer+toModel.swift */,
				733EC21326D983B60097DFA0 /* Repository+toModel.swift */,
			);
			path = Helpers;
			sourceTree = "<group>";
		};
		7311EDCC278F8F82000606BA /* UseCase */ = {
			isa = PBXGroup;
			children = (
				73E5BB0F26E3D26F00D85231 /* Load */,
				73E5BB1126E3D3C800D85231 /* Cache */,
			);
			path = UseCase;
			sourceTree = "<group>";
		};
		7311EDCD278F8F98000606BA /* Store */ = {
			isa = PBXGroup;
			children = (
				7311EDCE278F8FF0000606BA /* Helpers */,
				7310F6032727566F00C81843 /* CodableStargazersStoreTests.swift */,
				733C469F2755793C00EE4223 /* StargazersStoreSpecs.swift */,
			);
			path = Store;
			sourceTree = "<group>";
		};
		7311EDCE278F8FF0000606BA /* Helpers */ = {
			isa = PBXGroup;
			children = (
				733C46A127557A8600EE4223 /* StargazersStoreSpecs+Helpers.swift */,
			);
			path = Helpers;
			sourceTree = "<group>";
		};
		7316209C26C1DF3200EAA0E2 /* Helpers */ = {
			isa = PBXGroup;
			children = (
				738B444826CF8ADA0042503F /* Strings+UTF8DataEncoding.swift */,
			);
			path = Helpers;
			sourceTree = "<group>";
		};
		733695A1279C17A60066A6C1 /* StargazersiOS */ = {
			isa = PBXGroup;
			children = (
				73A979A127B86DE800853B39 /* StargazersImageLoader.swift */,
				73CD699B27ADE44E00C992FA /* StargazersViewController.swift */,
				7361DC4227B918E9005B7DDE /* StargazersRefreshController.swift */,
				7352C65327AEE34C00D6F9B1 /* StargazerCell.swift */,
				7361DC4427B9293A005B7DDE /* StargazerCellController.swift */,
			);
			path = StargazersiOS;
			sourceTree = "<group>";
		};
		733695AD279C17A70066A6C1 /* StargazersiOSTests */ = {
			isa = PBXGroup;
			children = (
				73D3B20627A1FECB009BEAA2 /* StargazersViewControllerTests.swift */,
			);
			path = StargazersiOSTests;
			sourceTree = "<group>";
		};
		733EC20226D980FD0097DFA0 /* Stargazers Cache */ = {
			isa = PBXGroup;
			children = (
				733EC20726D982280097DFA0 /* LocalStargazer.swift */,
				733EC20926D982920097DFA0 /* LocalRepository.swift */,
				7311EDC9278F8D2F000606BA /* Store */,
				7311EDC8278F8CA4000606BA /* Loader */,
			);
			path = "Stargazers Cache";
			sourceTree = "<group>";
		};
		737DDB6D27AB3F8800F362C6 /* Frameworks */ = {
			isa = PBXGroup;
			children = (
			);
			name = Frameworks;
			sourceTree = "<group>";
		};
		7399298A2776748800180E02 /* StargazersCacheIntegrationTests */ = {
			isa = PBXGroup;
			children = (
				7399298B2776748800180E02 /* StargazersCacheIntegrationTests.swift */,
			);
			path = StargazersCacheIntegrationTests;
			sourceTree = "<group>";
		};
		73D4E9FD26C4801C00C2B9F1 /* StargazersAPIEndToEndTests */ = {
			isa = PBXGroup;
			children = (
				73D4E9FE26C4801C00C2B9F1 /* StargazersAPIEndToEndTests.swift */,
			);
			path = StargazersAPIEndToEndTests;
			sourceTree = "<group>";
		};
		73D7630E26C01301005CCEC2 /* Stargazers API */ = {
			isa = PBXGroup;
			children = (
				73EE324D26E021A6000CA9B2 /* Loader */,
				73EE324E26E021C7000CA9B2 /* Client */,
			);
			path = "Stargazers API";
			sourceTree = "<group>";
		};
		73D7631326C016F1005CCEC2 /* Stargazers Feature */ = {
			isa = PBXGroup;
			children = (
				730122A326BF3EB20007B086 /* StargazersLoader.swift */,
				730122A526BF3F0B0007B086 /* Stargazer.swift */,
				73E38EFE26C9C0F300556AD4 /* Repository.swift */,
			);
			path = "Stargazers Feature";
			sourceTree = "<group>";
		};
		73D7631A26C1484A005CCEC2 /* Stargazers API */ = {
			isa = PBXGroup;
			children = (
				7316209C26C1DF3200EAA0E2 /* Helpers */,
				730122A726BF4FB30007B086 /* LoadStargazersFromRemoteUseCaseTests.swift */,
				73D7631B26C171D8005CCEC2 /* URLSessionHTTPClientTests.swift */,
			);
			path = "Stargazers API";
			sourceTree = "<group>";
		};
		73E0D83C26DED3D0001FF825 /* Helpers */ = {
			isa = PBXGroup;
			children = (
				73E5BB0D26E3CC1600D85231 /* CacheTestHelpers.swift */,
				73E0D84A26DED545001FF825 /* Optional+WeakRefProxyConversion.swift */,
				73E5BB0B26E3C88900D85231 /* StargazersStoreSpy.swift */,
				73E0D83E26DED3E5001FF825 /* WeakRefProxy.swift */,
			);
			path = Helpers;
			sourceTree = "<group>";
		};
		73E5BB0F26E3D26F00D85231 /* Load */ = {
			isa = PBXGroup;
			children = (
				730E681D26C880D700481C11 /* LoadStargazersFromCacheUseCaseTests.swift */,
			);
			path = Load;
			sourceTree = "<group>";
		};
		73E5BB1126E3D3C800D85231 /* Cache */ = {
			isa = PBXGroup;
			children = (
				73E5BB1226E3D40800D85231 /* Helpers */,
				73E5BB0526E3C08000D85231 /* CacheStargazersUseCaseTests.swift */,
			);
			path = Cache;
			sourceTree = "<group>";
		};
		73E5BB1226E3D40800D85231 /* Helpers */ = {
			isa = PBXGroup;
			children = (
				73E0D84426DED47E001FF825 /* StargazersSaver.swift */,
				73E5BB1326E3D47900D85231 /* LocalStargazesLoader+StargazersSaver.swift */,
				73E5BB1526E3D4D800D85231 /* WeakRefProxy+StargazersSaver.swift */,
			);
			path = Helpers;
			sourceTree = "<group>";
		};
		73EE324D26E021A6000CA9B2 /* Loader */ = {
			isa = PBXGroup;
			children = (
				73EE324F26E021E0000CA9B2 /* Helpers */,
				73D7630F26C0133C005CCEC2 /* RemoteStargazersLoader.swift */,
				73D7631426C09E05005CCEC2 /* RemoteStargazersMapper.swift */,
				73EE324B26E0215F000CA9B2 /* RemoteStargazer.swift */,
			);
			path = Loader;
			sourceTree = "<group>";
		};
		73EE324E26E021C7000CA9B2 /* Client */ = {
			isa = PBXGroup;
			children = (
				73EE325026E021F1000CA9B2 /* Helpers */,
				73D7631126C0135A005CCEC2 /* HTTPClient.swift */,
				7316209826C1AF3E00EAA0E2 /* URLSessionHTTPClient.swift */,
			);
			path = Client;
			sourceTree = "<group>";
		};
		73EE324F26E021E0000CA9B2 /* Helpers */ = {
			isa = PBXGroup;
			children = (
				73D7631826C14224005CCEC2 /* RemoteStargazerItems+ModelMapping.swift */,
			);
			path = Helpers;
			sourceTree = "<group>";
		};
		73EE325026E021F1000CA9B2 /* Helpers */ = {
			isa = PBXGroup;
			children = (
				73D7631626C14198005CCEC2 /* HTTPURLResponse+StatusCode.swift */,
			);
			path = Helpers;
			sourceTree = "<group>";
		};
/* End PBXGroup section */

/* Begin PBXHeadersBuildPhase section */
		7301226826BF258F0007B086 /* Headers */ = {
			isa = PBXHeadersBuildPhase;
			buildActionMask = 2147483647;
			files = (
			);
			runOnlyForDeploymentPostprocessing = 0;
		};
		7336959B279C17A50066A6C1 /* Headers */ = {
			isa = PBXHeadersBuildPhase;
			buildActionMask = 2147483647;
			files = (
			);
			runOnlyForDeploymentPostprocessing = 0;
		};
/* End PBXHeadersBuildPhase section */

/* Begin PBXNativeTarget section */
		7301226C26BF258F0007B086 /* Stargazers */ = {
			isa = PBXNativeTarget;
			buildConfigurationList = 7301228126BF258F0007B086 /* Build configuration list for PBXNativeTarget "Stargazers" */;
			buildPhases = (
				7301226826BF258F0007B086 /* Headers */,
				7301226926BF258F0007B086 /* Sources */,
				7301226A26BF258F0007B086 /* Frameworks */,
				7301226B26BF258F0007B086 /* Resources */,
			);
			buildRules = (
			);
			dependencies = (
			);
			name = Stargazers;
			productName = Stargazers;
			productReference = 7301226D26BF258F0007B086 /* Stargazers.framework */;
			productType = "com.apple.product-type.framework";
		};
		7301227526BF258F0007B086 /* StargazersTests */ = {
			isa = PBXNativeTarget;
			buildConfigurationList = 7301228426BF258F0007B086 /* Build configuration list for PBXNativeTarget "StargazersTests" */;
			buildPhases = (
				7301227226BF258F0007B086 /* Sources */,
				7301227326BF258F0007B086 /* Frameworks */,
				7301227426BF258F0007B086 /* Resources */,
			);
			buildRules = (
			);
			dependencies = (
				7301227926BF258F0007B086 /* PBXTargetDependency */,
			);
			name = StargazersTests;
			productName = StargazersTests;
			productReference = 7301227626BF258F0007B086 /* StargazersTests.xctest */;
			productType = "com.apple.product-type.bundle.unit-test";
		};
		7336959F279C17A50066A6C1 /* StargazersiOS */ = {
			isa = PBXNativeTarget;
			buildConfigurationList = 733695B5279C17A70066A6C1 /* Build configuration list for PBXNativeTarget "StargazersiOS" */;
			buildPhases = (
				7336959B279C17A50066A6C1 /* Headers */,
				7336959C279C17A50066A6C1 /* Sources */,
				7336959D279C17A50066A6C1 /* Frameworks */,
				7336959E279C17A50066A6C1 /* Resources */,
				737DDB7327AB404000F362C6 /* Embed Frameworks */,
			);
			buildRules = (
			);
			dependencies = (
				737DDB7227AB404000F362C6 /* PBXTargetDependency */,
			);
			name = StargazersiOS;
			productName = StargazersiOS;
			productReference = 733695A0279C17A50066A6C1 /* StargazersiOS.framework */;
			productType = "com.apple.product-type.framework";
		};
		733695A8279C17A60066A6C1 /* StargazersiOSTests */ = {
			isa = PBXNativeTarget;
			buildConfigurationList = 733695B6279C17A70066A6C1 /* Build configuration list for PBXNativeTarget "StargazersiOSTests" */;
			buildPhases = (
				733695A5279C17A60066A6C1 /* Sources */,
				733695A6279C17A60066A6C1 /* Frameworks */,
				733695A7279C17A60066A6C1 /* Resources */,
			);
			buildRules = (
			);
			dependencies = (
				737DDB6C27AB3F8200F362C6 /* PBXTargetDependency */,
			);
			name = StargazersiOSTests;
			productName = StargazersiOSTests;
			productReference = 733695A9279C17A60066A6C1 /* StargazersiOSTests.xctest */;
			productType = "com.apple.product-type.bundle.unit-test";
		};
		739929882776748800180E02 /* StargazersCacheIntegrationTests */ = {
			isa = PBXNativeTarget;
			buildConfigurationList = 739929922776748800180E02 /* Build configuration list for PBXNativeTarget "StargazersCacheIntegrationTests" */;
			buildPhases = (
				739929852776748800180E02 /* Sources */,
				739929862776748800180E02 /* Frameworks */,
				739929872776748800180E02 /* Resources */,
			);
			buildRules = (
			);
			dependencies = (
				7399298F2776748800180E02 /* PBXTargetDependency */,
			);
			name = StargazersCacheIntegrationTests;
			productName = StargazersCacheIntegrationTests;
			productReference = 739929892776748800180E02 /* StargazersCacheIntegrationTests.xctest */;
			productType = "com.apple.product-type.bundle.unit-test";
		};
		73D4E9FB26C4801C00C2B9F1 /* StargazersAPIEndToEndTests */ = {
			isa = PBXNativeTarget;
			buildConfigurationList = 73D4EA0626C4801C00C2B9F1 /* Build configuration list for PBXNativeTarget "StargazersAPIEndToEndTests" */;
			buildPhases = (
				73D4E9F826C4801C00C2B9F1 /* Sources */,
				73D4E9F926C4801C00C2B9F1 /* Frameworks */,
				73D4E9FA26C4801C00C2B9F1 /* Resources */,
			);
			buildRules = (
			);
			dependencies = (
				73D4EA0326C4801C00C2B9F1 /* PBXTargetDependency */,
			);
			name = StargazersAPIEndToEndTests;
			productName = StargazersAPIEndToEndTests;
			productReference = 73D4E9FC26C4801C00C2B9F1 /* StargazersAPIEndToEndTests.xctest */;
			productType = "com.apple.product-type.bundle.unit-test";
		};
/* End PBXNativeTarget section */

/* Begin PBXProject section */
		7301226426BF258F0007B086 /* Project object */ = {
			isa = PBXProject;
			attributes = {
				LastSwiftUpdateCheck = 1310;
				LastUpgradeCheck = 1250;
				TargetAttributes = {
					7301226C26BF258F0007B086 = {
						CreatedOnToolsVersion = 12.5.1;
						LastSwiftMigration = 1250;
					};
					7301227526BF258F0007B086 = {
						CreatedOnToolsVersion = 12.5.1;
						LastSwiftMigration = 1250;
					};
					7336959F279C17A50066A6C1 = {
						CreatedOnToolsVersion = 13.1;
						LastSwiftMigration = 1310;
					};
					733695A8279C17A60066A6C1 = {
						CreatedOnToolsVersion = 13.1;
						LastSwiftMigration = 1310;
					};
					739929882776748800180E02 = {
						CreatedOnToolsVersion = 13.1;
					};
					73D4E9FB26C4801C00C2B9F1 = {
						CreatedOnToolsVersion = 12.5.1;
					};
				};
			};
			buildConfigurationList = 7301226726BF258F0007B086 /* Build configuration list for PBXProject "Stargazers" */;
			compatibilityVersion = "Xcode 9.3";
			developmentRegion = en;
			hasScannedForEncodings = 0;
			knownRegions = (
				en,
				Base,
			);
			mainGroup = 7301226326BF258F0007B086;
			productRefGroup = 7301226E26BF258F0007B086 /* Products */;
			projectDirPath = "";
			projectRoot = "";
			targets = (
				7301226C26BF258F0007B086 /* Stargazers */,
				7301227526BF258F0007B086 /* StargazersTests */,
				73D4E9FB26C4801C00C2B9F1 /* StargazersAPIEndToEndTests */,
				739929882776748800180E02 /* StargazersCacheIntegrationTests */,
				7336959F279C17A50066A6C1 /* StargazersiOS */,
				733695A8279C17A60066A6C1 /* StargazersiOSTests */,
			);
		};
/* End PBXProject section */

/* Begin PBXResourcesBuildPhase section */
		7301226B26BF258F0007B086 /* Resources */ = {
			isa = PBXResourcesBuildPhase;
			buildActionMask = 2147483647;
			files = (
			);
			runOnlyForDeploymentPostprocessing = 0;
		};
		7301227426BF258F0007B086 /* Resources */ = {
			isa = PBXResourcesBuildPhase;
			buildActionMask = 2147483647;
			files = (
			);
			runOnlyForDeploymentPostprocessing = 0;
		};
		7336959E279C17A50066A6C1 /* Resources */ = {
			isa = PBXResourcesBuildPhase;
			buildActionMask = 2147483647;
			files = (
			);
			runOnlyForDeploymentPostprocessing = 0;
		};
		733695A7279C17A60066A6C1 /* Resources */ = {
			isa = PBXResourcesBuildPhase;
			buildActionMask = 2147483647;
			files = (
			);
			runOnlyForDeploymentPostprocessing = 0;
		};
		739929872776748800180E02 /* Resources */ = {
			isa = PBXResourcesBuildPhase;
			buildActionMask = 2147483647;
			files = (
			);
			runOnlyForDeploymentPostprocessing = 0;
		};
		73D4E9FA26C4801C00C2B9F1 /* Resources */ = {
			isa = PBXResourcesBuildPhase;
			buildActionMask = 2147483647;
			files = (
			);
			runOnlyForDeploymentPostprocessing = 0;
		};
/* End PBXResourcesBuildPhase section */

/* Begin PBXSourcesBuildPhase section */
		7301226926BF258F0007B086 /* Sources */ = {
			isa = PBXSourcesBuildPhase;
			buildActionMask = 2147483647;
			files = (
				73AE8528274179A800B4698E /* CodableStargazersStore.swift in Sources */,
				733EC21426D983B60097DFA0 /* Repository+toModel.swift in Sources */,
				73D7631926C14224005CCEC2 /* RemoteStargazerItems+ModelMapping.swift in Sources */,
				733EC20826D982280097DFA0 /* LocalStargazer.swift in Sources */,
				733EC20E26D982FC0097DFA0 /* Stargazer+toLocal.swift in Sources */,
				73D7631526C09E05005CCEC2 /* RemoteStargazersMapper.swift in Sources */,
				730122A426BF3EB20007B086 /* StargazersLoader.swift in Sources */,
				7316209926C1AF3E00EAA0E2 /* URLSessionHTTPClient.swift in Sources */,
				73EE324C26E0215F000CA9B2 /* RemoteStargazer.swift in Sources */,
				730122A626BF3F0B0007B086 /* Stargazer.swift in Sources */,
				733EC20C26D982C90097DFA0 /* StargazersArray+toLocal.swift in Sources */,
				733EC21226D983960097DFA0 /* LocalStargazer+toModel.swift in Sources */,
				73D7631226C0135A005CCEC2 /* HTTPClient.swift in Sources */,
				73D7631726C14198005CCEC2 /* HTTPURLResponse+StatusCode.swift in Sources */,
				73D7631026C0133C005CCEC2 /* RemoteStargazersLoader.swift in Sources */,
				733EC20A26D982920097DFA0 /* LocalRepository.swift in Sources */,
				733EC21026D9835E0097DFA0 /* LocalStargazersArray+toModel.swift in Sources */,
				733EC20626D981D50097DFA0 /* StargazersStore.swift in Sources */,
				733EC20426D981A00097DFA0 /* LocalStargazersLoader.swift in Sources */,
				73E38EFF26C9C0F300556AD4 /* Repository.swift in Sources */,
			);
			runOnlyForDeploymentPostprocessing = 0;
		};
		7301227226BF258F0007B086 /* Sources */ = {
			isa = PBXSourcesBuildPhase;
			buildActionMask = 2147483647;
			files = (
				73E0D84526DED47E001FF825 /* StargazersSaver.swift in Sources */,
				73E5BB1626E3D4D800D85231 /* WeakRefProxy+StargazersSaver.swift in Sources */,
				73E5BB0C26E3C88900D85231 /* StargazersStoreSpy.swift in Sources */,
				738B444926CF8ADA0042503F /* Strings+UTF8DataEncoding.swift in Sources */,
				730122A826BF4FB30007B086 /* LoadStargazersFromRemoteUseCaseTests.swift in Sources */,
				73E5BB1426E3D47900D85231 /* LocalStargazesLoader+StargazersSaver.swift in Sources */,
				733C46A02755793C00EE4223 /* StargazersStoreSpecs.swift in Sources */,
				730E682426C88C7E00481C11 /* TestHelpers.swift in Sources */,
				730E681E26C880D700481C11 /* LoadStargazersFromCacheUseCaseTests.swift in Sources */,
				73E5BB0626E3C08000D85231 /* CacheStargazersUseCaseTests.swift in Sources */,
				73E5BB0E26E3CC1600D85231 /* CacheTestHelpers.swift in Sources */,
				733C46A227557A8600EE4223 /* StargazersStoreSpecs+Helpers.swift in Sources */,
				7316209B26C1DF2B00EAA0E2 /* XCTestCase+MemoryLeaksTracking.swift in Sources */,
				73E0D83F26DED3E5001FF825 /* WeakRefProxy.swift in Sources */,
				73E0D84B26DED545001FF825 /* Optional+WeakRefProxyConversion.swift in Sources */,
				73D7631C26C171D8005CCEC2 /* URLSessionHTTPClientTests.swift in Sources */,
				7310F6042727566F00C81843 /* CodableStargazersStoreTests.swift in Sources */,
			);
			runOnlyForDeploymentPostprocessing = 0;
		};
		7336959C279C17A50066A6C1 /* Sources */ = {
			isa = PBXSourcesBuildPhase;
			buildActionMask = 2147483647;
			files = (
				73CD699C27ADE44E00C992FA /* StargazersViewController.swift in Sources */,
				73A979A227B86DE800853B39 /* StargazersImageLoader.swift in Sources */,
				7361DC4527B9293A005B7DDE /* StargazerCellController.swift in Sources */,
				7352C65427AEE34C00D6F9B1 /* StargazerCell.swift in Sources */,
				7361DC4327B918E9005B7DDE /* StargazersRefreshController.swift in Sources */,
			);
			runOnlyForDeploymentPostprocessing = 0;
		};
		733695A5279C17A60066A6C1 /* Sources */ = {
			isa = PBXSourcesBuildPhase;
			buildActionMask = 2147483647;
			files = (
				73D3B20727A1FECB009BEAA2 /* StargazersViewControllerTests.swift in Sources */,
				737DDB7427AB41B600F362C6 /* XCTestCase+MemoryLeaksTracking.swift in Sources */,
				731450B227AC956A002AC688 /* TestHelpers.swift in Sources */,
			);
			runOnlyForDeploymentPostprocessing = 0;
		};
		739929852776748800180E02 /* Sources */ = {
			isa = PBXSourcesBuildPhase;
			buildActionMask = 2147483647;
			files = (
				7399298C2776748800180E02 /* StargazersCacheIntegrationTests.swift in Sources */,
				7360A5AF2781FBF7006A807B /* XCTestCase+MemoryLeaksTracking.swift in Sources */,
				7369EFF12782322500F615E2 /* TestHelpers.swift in Sources */,
			);
			runOnlyForDeploymentPostprocessing = 0;
		};
		73D4E9F826C4801C00C2B9F1 /* Sources */ = {
			isa = PBXSourcesBuildPhase;
			buildActionMask = 2147483647;
			files = (
				73D4E9FF26C4801C00C2B9F1 /* StargazersAPIEndToEndTests.swift in Sources */,
				73DD5E3026D59115002E7B5C /* XCTestCase+MemoryLeaksTracking.swift in Sources */,
			);
			runOnlyForDeploymentPostprocessing = 0;
		};
/* End PBXSourcesBuildPhase section */

/* Begin PBXTargetDependency section */
		7301227926BF258F0007B086 /* PBXTargetDependency */ = {
			isa = PBXTargetDependency;
			target = 7301226C26BF258F0007B086 /* Stargazers */;
			targetProxy = 7301227826BF258F0007B086 /* PBXContainerItemProxy */;
		};
		737DDB6C27AB3F8200F362C6 /* PBXTargetDependency */ = {
			isa = PBXTargetDependency;
			target = 7336959F279C17A50066A6C1 /* StargazersiOS */;
			targetProxy = 737DDB6B27AB3F8200F362C6 /* PBXContainerItemProxy */;
		};
		737DDB7227AB404000F362C6 /* PBXTargetDependency */ = {
			isa = PBXTargetDependency;
			platformFilter = ios;
			target = 7301226C26BF258F0007B086 /* Stargazers */;
			targetProxy = 737DDB7127AB404000F362C6 /* PBXContainerItemProxy */;
		};
		7399298F2776748800180E02 /* PBXTargetDependency */ = {
			isa = PBXTargetDependency;
			target = 7301226C26BF258F0007B086 /* Stargazers */;
			targetProxy = 7399298E2776748800180E02 /* PBXContainerItemProxy */;
		};
		73D4EA0326C4801C00C2B9F1 /* PBXTargetDependency */ = {
			isa = PBXTargetDependency;
			target = 7301226C26BF258F0007B086 /* Stargazers */;
			targetProxy = 73D4EA0226C4801C00C2B9F1 /* PBXContainerItemProxy */;
		};
/* End PBXTargetDependency section */

/* Begin XCBuildConfiguration section */
		7301227F26BF258F0007B086 /* Debug */ = {
			isa = XCBuildConfiguration;
			buildSettings = {
				ALWAYS_SEARCH_USER_PATHS = NO;
				CLANG_ANALYZER_NONNULL = YES;
				CLANG_ANALYZER_NUMBER_OBJECT_CONVERSION = YES_AGGRESSIVE;
				CLANG_CXX_LANGUAGE_STANDARD = "gnu++14";
				CLANG_CXX_LIBRARY = "libc++";
				CLANG_ENABLE_MODULES = YES;
				CLANG_ENABLE_OBJC_ARC = YES;
				CLANG_ENABLE_OBJC_WEAK = YES;
				CLANG_WARN_BLOCK_CAPTURE_AUTORELEASING = YES;
				CLANG_WARN_BOOL_CONVERSION = YES;
				CLANG_WARN_COMMA = YES;
				CLANG_WARN_CONSTANT_CONVERSION = YES;
				CLANG_WARN_DEPRECATED_OBJC_IMPLEMENTATIONS = YES;
				CLANG_WARN_DIRECT_OBJC_ISA_USAGE = YES_ERROR;
				CLANG_WARN_DOCUMENTATION_COMMENTS = YES;
				CLANG_WARN_EMPTY_BODY = YES;
				CLANG_WARN_ENUM_CONVERSION = YES;
				CLANG_WARN_INFINITE_RECURSION = YES;
				CLANG_WARN_INT_CONVERSION = YES;
				CLANG_WARN_NON_LITERAL_NULL_CONVERSION = YES;
				CLANG_WARN_OBJC_IMPLICIT_RETAIN_SELF = YES;
				CLANG_WARN_OBJC_LITERAL_CONVERSION = YES;
				CLANG_WARN_OBJC_ROOT_CLASS = YES_ERROR;
				CLANG_WARN_QUOTED_INCLUDE_IN_FRAMEWORK_HEADER = YES;
				CLANG_WARN_RANGE_LOOP_ANALYSIS = YES;
				CLANG_WARN_STRICT_PROTOTYPES = YES;
				CLANG_WARN_SUSPICIOUS_MOVE = YES;
				CLANG_WARN_UNGUARDED_AVAILABILITY = YES_AGGRESSIVE;
				CLANG_WARN_UNREACHABLE_CODE = YES;
				CLANG_WARN__DUPLICATE_METHOD_MATCH = YES;
				COPY_PHASE_STRIP = NO;
				CURRENT_PROJECT_VERSION = 1;
				DEBUG_INFORMATION_FORMAT = dwarf;
				ENABLE_STRICT_OBJC_MSGSEND = YES;
				ENABLE_TESTABILITY = YES;
				GCC_C_LANGUAGE_STANDARD = gnu11;
				GCC_DYNAMIC_NO_PIC = NO;
				GCC_NO_COMMON_BLOCKS = YES;
				GCC_OPTIMIZATION_LEVEL = 0;
				GCC_PREPROCESSOR_DEFINITIONS = (
					"DEBUG=1",
					"$(inherited)",
				);
				GCC_WARN_64_TO_32_BIT_CONVERSION = YES;
				GCC_WARN_ABOUT_RETURN_TYPE = YES_ERROR;
				GCC_WARN_UNDECLARED_SELECTOR = YES;
				GCC_WARN_UNINITIALIZED_AUTOS = YES_AGGRESSIVE;
				GCC_WARN_UNUSED_FUNCTION = YES;
				GCC_WARN_UNUSED_VARIABLE = YES;
				MTL_ENABLE_DEBUG_INFO = INCLUDE_SOURCE;
				MTL_FAST_MATH = YES;
				ONLY_ACTIVE_ARCH = YES;
				SDKROOT = macosx;
				SWIFT_ACTIVE_COMPILATION_CONDITIONS = DEBUG;
				SWIFT_OPTIMIZATION_LEVEL = "-Onone";
				VERSIONING_SYSTEM = "apple-generic";
				VERSION_INFO_PREFIX = "";
			};
			name = Debug;
		};
		7301228026BF258F0007B086 /* Release */ = {
			isa = XCBuildConfiguration;
			buildSettings = {
				ALWAYS_SEARCH_USER_PATHS = NO;
				CLANG_ANALYZER_NONNULL = YES;
				CLANG_ANALYZER_NUMBER_OBJECT_CONVERSION = YES_AGGRESSIVE;
				CLANG_CXX_LANGUAGE_STANDARD = "gnu++14";
				CLANG_CXX_LIBRARY = "libc++";
				CLANG_ENABLE_MODULES = YES;
				CLANG_ENABLE_OBJC_ARC = YES;
				CLANG_ENABLE_OBJC_WEAK = YES;
				CLANG_WARN_BLOCK_CAPTURE_AUTORELEASING = YES;
				CLANG_WARN_BOOL_CONVERSION = YES;
				CLANG_WARN_COMMA = YES;
				CLANG_WARN_CONSTANT_CONVERSION = YES;
				CLANG_WARN_DEPRECATED_OBJC_IMPLEMENTATIONS = YES;
				CLANG_WARN_DIRECT_OBJC_ISA_USAGE = YES_ERROR;
				CLANG_WARN_DOCUMENTATION_COMMENTS = YES;
				CLANG_WARN_EMPTY_BODY = YES;
				CLANG_WARN_ENUM_CONVERSION = YES;
				CLANG_WARN_INFINITE_RECURSION = YES;
				CLANG_WARN_INT_CONVERSION = YES;
				CLANG_WARN_NON_LITERAL_NULL_CONVERSION = YES;
				CLANG_WARN_OBJC_IMPLICIT_RETAIN_SELF = YES;
				CLANG_WARN_OBJC_LITERAL_CONVERSION = YES;
				CLANG_WARN_OBJC_ROOT_CLASS = YES_ERROR;
				CLANG_WARN_QUOTED_INCLUDE_IN_FRAMEWORK_HEADER = YES;
				CLANG_WARN_RANGE_LOOP_ANALYSIS = YES;
				CLANG_WARN_STRICT_PROTOTYPES = YES;
				CLANG_WARN_SUSPICIOUS_MOVE = YES;
				CLANG_WARN_UNGUARDED_AVAILABILITY = YES_AGGRESSIVE;
				CLANG_WARN_UNREACHABLE_CODE = YES;
				CLANG_WARN__DUPLICATE_METHOD_MATCH = YES;
				COPY_PHASE_STRIP = NO;
				CURRENT_PROJECT_VERSION = 1;
				DEBUG_INFORMATION_FORMAT = "dwarf-with-dsym";
				ENABLE_NS_ASSERTIONS = NO;
				ENABLE_STRICT_OBJC_MSGSEND = YES;
				GCC_C_LANGUAGE_STANDARD = gnu11;
				GCC_NO_COMMON_BLOCKS = YES;
				GCC_WARN_64_TO_32_BIT_CONVERSION = YES;
				GCC_WARN_ABOUT_RETURN_TYPE = YES_ERROR;
				GCC_WARN_UNDECLARED_SELECTOR = YES;
				GCC_WARN_UNINITIALIZED_AUTOS = YES_AGGRESSIVE;
				GCC_WARN_UNUSED_FUNCTION = YES;
				GCC_WARN_UNUSED_VARIABLE = YES;
				MTL_ENABLE_DEBUG_INFO = NO;
				MTL_FAST_MATH = YES;
				SDKROOT = macosx;
				SWIFT_COMPILATION_MODE = wholemodule;
				SWIFT_OPTIMIZATION_LEVEL = "-O";
				VERSIONING_SYSTEM = "apple-generic";
				VERSION_INFO_PREFIX = "";
			};
			name = Release;
		};
		7301228226BF258F0007B086 /* Debug */ = {
			isa = XCBuildConfiguration;
			buildSettings = {
				CLANG_ENABLE_MODULES = YES;
				CODE_SIGN_STYLE = Automatic;
				COMBINE_HIDPI_IMAGES = YES;
				DEFINES_MODULE = YES;
				DEVELOPMENT_TEAM = 6JHQ8LLMGS;
				DYLIB_COMPATIBILITY_VERSION = 1;
				DYLIB_CURRENT_VERSION = 1;
				DYLIB_INSTALL_NAME_BASE = "@rpath";
				GENERATE_INFOPLIST_FILE = YES;
				INFOPLIST_FILE = "";
				INSTALL_PATH = "$(LOCAL_LIBRARY_DIR)/Frameworks";
				IPHONEOS_DEPLOYMENT_TARGET = "";
				LD_RUNPATH_SEARCH_PATHS = (
					"$(inherited)",
					"@executable_path/../Frameworks",
					"@loader_path/Frameworks",
				);
				MACOSX_DEPLOYMENT_TARGET = 11.0;
				PRODUCT_BUNDLE_IDENTIFIER = rick.the.dev.Stargazers;
				PRODUCT_NAME = "$(TARGET_NAME:c99extidentifier)";
				SKIP_INSTALL = YES;
				SUPPORTED_PLATFORMS = "macosx iphonesimulator iphoneos";
				SWIFT_OPTIMIZATION_LEVEL = "-Onone";
				SWIFT_VERSION = 5.0;
			};
			name = Debug;
		};
		7301228326BF258F0007B086 /* Release */ = {
			isa = XCBuildConfiguration;
			buildSettings = {
				CLANG_ENABLE_MODULES = YES;
				CODE_SIGN_STYLE = Automatic;
				COMBINE_HIDPI_IMAGES = YES;
				DEFINES_MODULE = YES;
				DEVELOPMENT_TEAM = 6JHQ8LLMGS;
				DYLIB_COMPATIBILITY_VERSION = 1;
				DYLIB_CURRENT_VERSION = 1;
				DYLIB_INSTALL_NAME_BASE = "@rpath";
				GENERATE_INFOPLIST_FILE = YES;
				INFOPLIST_FILE = "";
				INSTALL_PATH = "$(LOCAL_LIBRARY_DIR)/Frameworks";
				IPHONEOS_DEPLOYMENT_TARGET = "";
				LD_RUNPATH_SEARCH_PATHS = (
					"$(inherited)",
					"@executable_path/../Frameworks",
					"@loader_path/Frameworks",
				);
				MACOSX_DEPLOYMENT_TARGET = 11.0;
				PRODUCT_BUNDLE_IDENTIFIER = rick.the.dev.Stargazers;
				PRODUCT_NAME = "$(TARGET_NAME:c99extidentifier)";
				SKIP_INSTALL = YES;
				SUPPORTED_PLATFORMS = "macosx iphonesimulator iphoneos";
				SWIFT_VERSION = 5.0;
			};
			name = Release;
		};
		7301228526BF258F0007B086 /* Debug */ = {
			isa = XCBuildConfiguration;
			buildSettings = {
				ALWAYS_EMBED_SWIFT_STANDARD_LIBRARIES = YES;
				CLANG_ENABLE_MODULES = YES;
				CODE_SIGN_STYLE = Automatic;
				COMBINE_HIDPI_IMAGES = YES;
				DEVELOPMENT_TEAM = 6JHQ8LLMGS;
				GENERATE_INFOPLIST_FILE = YES;
				INFOPLIST_FILE = "";
				IPHONEOS_DEPLOYMENT_TARGET = "";
				LD_RUNPATH_SEARCH_PATHS = (
					"$(inherited)",
					"@executable_path/../Frameworks",
					"@loader_path/../Frameworks",
				);
				MACOSX_DEPLOYMENT_TARGET = 11.0;
				PRODUCT_BUNDLE_IDENTIFIER = rick.the.dev.StargazersTests;
				PRODUCT_NAME = "$(TARGET_NAME)";
				SUPPORTED_PLATFORMS = "macosx iphonesimulator iphoneos";
				SWIFT_OPTIMIZATION_LEVEL = "-Onone";
				SWIFT_VERSION = 5.0;
			};
			name = Debug;
		};
		7301228626BF258F0007B086 /* Release */ = {
			isa = XCBuildConfiguration;
			buildSettings = {
				ALWAYS_EMBED_SWIFT_STANDARD_LIBRARIES = YES;
				CLANG_ENABLE_MODULES = YES;
				CODE_SIGN_STYLE = Automatic;
				COMBINE_HIDPI_IMAGES = YES;
				DEVELOPMENT_TEAM = 6JHQ8LLMGS;
				GENERATE_INFOPLIST_FILE = YES;
				INFOPLIST_FILE = "";
				IPHONEOS_DEPLOYMENT_TARGET = "";
				LD_RUNPATH_SEARCH_PATHS = (
					"$(inherited)",
					"@executable_path/../Frameworks",
					"@loader_path/../Frameworks",
				);
				MACOSX_DEPLOYMENT_TARGET = 11.0;
				PRODUCT_BUNDLE_IDENTIFIER = rick.the.dev.StargazersTests;
				PRODUCT_NAME = "$(TARGET_NAME)";
				SUPPORTED_PLATFORMS = "macosx iphonesimulator iphoneos";
				SWIFT_VERSION = 5.0;
			};
			name = Release;
		};
		733695B1279C17A70066A6C1 /* Debug */ = {
			isa = XCBuildConfiguration;
			buildSettings = {
				CLANG_CXX_LANGUAGE_STANDARD = "gnu++17";
				CLANG_ENABLE_MODULES = YES;
				CODE_SIGN_STYLE = Automatic;
				CURRENT_PROJECT_VERSION = 1;
				DEFINES_MODULE = YES;
				DEVELOPMENT_TEAM = 6JHQ8LLMGS;
				DYLIB_COMPATIBILITY_VERSION = 1;
				DYLIB_CURRENT_VERSION = 1;
				DYLIB_INSTALL_NAME_BASE = "@rpath";
				GENERATE_INFOPLIST_FILE = YES;
				INFOPLIST_KEY_NSHumanReadableCopyright = "";
				INSTALL_PATH = "$(LOCAL_LIBRARY_DIR)/Frameworks";
				IPHONEOS_DEPLOYMENT_TARGET = "";
				LD_RUNPATH_SEARCH_PATHS = (
					"$(inherited)",
					"@executable_path/Frameworks",
					"@loader_path/Frameworks",
				);
				MARKETING_VERSION = 1.0;
				PRODUCT_BUNDLE_IDENTIFIER = rick.the.dev.StargazersiOS;
				PRODUCT_NAME = "$(TARGET_NAME:c99extidentifier)";
				SDKROOT = iphoneos;
				SKIP_INSTALL = YES;
				SUPPORTS_MACCATALYST = NO;
				SUPPORTS_MAC_DESIGNED_FOR_IPHONE_IPAD = NO;
				SWIFT_EMIT_LOC_STRINGS = YES;
				SWIFT_OPTIMIZATION_LEVEL = "-Onone";
				SWIFT_VERSION = 5.0;
				TARGETED_DEVICE_FAMILY = "1,2";
			};
			name = Debug;
		};
		733695B2279C17A70066A6C1 /* Release */ = {
			isa = XCBuildConfiguration;
			buildSettings = {
				CLANG_CXX_LANGUAGE_STANDARD = "gnu++17";
				CLANG_ENABLE_MODULES = YES;
				CODE_SIGN_STYLE = Automatic;
				CURRENT_PROJECT_VERSION = 1;
				DEFINES_MODULE = YES;
				DEVELOPMENT_TEAM = 6JHQ8LLMGS;
				DYLIB_COMPATIBILITY_VERSION = 1;
				DYLIB_CURRENT_VERSION = 1;
				DYLIB_INSTALL_NAME_BASE = "@rpath";
				GENERATE_INFOPLIST_FILE = YES;
				INFOPLIST_KEY_NSHumanReadableCopyright = "";
				INSTALL_PATH = "$(LOCAL_LIBRARY_DIR)/Frameworks";
				IPHONEOS_DEPLOYMENT_TARGET = "";
				LD_RUNPATH_SEARCH_PATHS = (
					"$(inherited)",
					"@executable_path/Frameworks",
					"@loader_path/Frameworks",
				);
				MARKETING_VERSION = 1.0;
				PRODUCT_BUNDLE_IDENTIFIER = rick.the.dev.StargazersiOS;
				PRODUCT_NAME = "$(TARGET_NAME:c99extidentifier)";
				SDKROOT = iphoneos;
				SKIP_INSTALL = YES;
				SUPPORTS_MACCATALYST = NO;
				SUPPORTS_MAC_DESIGNED_FOR_IPHONE_IPAD = NO;
				SWIFT_EMIT_LOC_STRINGS = YES;
				SWIFT_VERSION = 5.0;
				TARGETED_DEVICE_FAMILY = "1,2";
				VALIDATE_PRODUCT = YES;
			};
			name = Release;
		};
		733695B3279C17A70066A6C1 /* Debug */ = {
			isa = XCBuildConfiguration;
			buildSettings = {
				ALWAYS_EMBED_SWIFT_STANDARD_LIBRARIES = YES;
				CLANG_CXX_LANGUAGE_STANDARD = "gnu++17";
				CLANG_ENABLE_MODULES = YES;
				CODE_SIGN_STYLE = Automatic;
				CURRENT_PROJECT_VERSION = 1;
				DEVELOPMENT_TEAM = 6JHQ8LLMGS;
				GENERATE_INFOPLIST_FILE = YES;
				IPHONEOS_DEPLOYMENT_TARGET = "";
				LD_RUNPATH_SEARCH_PATHS = (
					"$(inherited)",
					"@executable_path/Frameworks",
					"@loader_path/Frameworks",
				);
				MARKETING_VERSION = 1.0;
				PRODUCT_BUNDLE_IDENTIFIER = rick.the.dev.StargazersiOSTests;
				PRODUCT_NAME = "$(TARGET_NAME)";
				SDKROOT = iphoneos;
				SUPPORTS_MACCATALYST = NO;
				SUPPORTS_MAC_DESIGNED_FOR_IPHONE_IPAD = NO;
				SWIFT_EMIT_LOC_STRINGS = NO;
				SWIFT_OPTIMIZATION_LEVEL = "-Onone";
				SWIFT_VERSION = 5.0;
				TARGETED_DEVICE_FAMILY = "1,2";
			};
			name = Debug;
		};
		733695B4279C17A70066A6C1 /* Release */ = {
			isa = XCBuildConfiguration;
			buildSettings = {
				ALWAYS_EMBED_SWIFT_STANDARD_LIBRARIES = YES;
				CLANG_CXX_LANGUAGE_STANDARD = "gnu++17";
				CLANG_ENABLE_MODULES = YES;
				CODE_SIGN_STYLE = Automatic;
				CURRENT_PROJECT_VERSION = 1;
				DEVELOPMENT_TEAM = 6JHQ8LLMGS;
				GENERATE_INFOPLIST_FILE = YES;
				IPHONEOS_DEPLOYMENT_TARGET = "";
				LD_RUNPATH_SEARCH_PATHS = (
					"$(inherited)",
					"@executable_path/Frameworks",
					"@loader_path/Frameworks",
				);
				MARKETING_VERSION = 1.0;
				PRODUCT_BUNDLE_IDENTIFIER = rick.the.dev.StargazersiOSTests;
				PRODUCT_NAME = "$(TARGET_NAME)";
				SDKROOT = iphoneos;
				SUPPORTS_MACCATALYST = NO;
				SUPPORTS_MAC_DESIGNED_FOR_IPHONE_IPAD = NO;
				SWIFT_EMIT_LOC_STRINGS = NO;
				SWIFT_VERSION = 5.0;
				TARGETED_DEVICE_FAMILY = "1,2";
				VALIDATE_PRODUCT = YES;
			};
			name = Release;
		};
		739929902776748800180E02 /* Debug */ = {
			isa = XCBuildConfiguration;
			buildSettings = {
				CLANG_CXX_LANGUAGE_STANDARD = "gnu++17";
				CODE_SIGN_STYLE = Automatic;
				COMBINE_HIDPI_IMAGES = YES;
				CURRENT_PROJECT_VERSION = 1;
				DEVELOPMENT_TEAM = 6JHQ8LLMGS;
				GENERATE_INFOPLIST_FILE = YES;
				LD_RUNPATH_SEARCH_PATHS = (
					"$(inherited)",
					"@executable_path/../Frameworks",
					"@loader_path/../Frameworks",
				);
				MACOSX_DEPLOYMENT_TARGET = 11.5;
				MARKETING_VERSION = 1.0;
				PRODUCT_BUNDLE_IDENTIFIER = rick.the.dev.StargazersCacheIntegrationTests;
				PRODUCT_NAME = "$(TARGET_NAME)";
				SUPPORTED_PLATFORMS = "macosx iphonesimulator iphoneos";
				SWIFT_EMIT_LOC_STRINGS = NO;
				SWIFT_VERSION = 5.0;
			};
			name = Debug;
		};
		739929912776748800180E02 /* Release */ = {
			isa = XCBuildConfiguration;
			buildSettings = {
				CLANG_CXX_LANGUAGE_STANDARD = "gnu++17";
				CODE_SIGN_STYLE = Automatic;
				COMBINE_HIDPI_IMAGES = YES;
				CURRENT_PROJECT_VERSION = 1;
				DEVELOPMENT_TEAM = 6JHQ8LLMGS;
				GENERATE_INFOPLIST_FILE = YES;
				LD_RUNPATH_SEARCH_PATHS = (
					"$(inherited)",
					"@executable_path/../Frameworks",
					"@loader_path/../Frameworks",
				);
				MACOSX_DEPLOYMENT_TARGET = 11.5;
				MARKETING_VERSION = 1.0;
				PRODUCT_BUNDLE_IDENTIFIER = rick.the.dev.StargazersCacheIntegrationTests;
				PRODUCT_NAME = "$(TARGET_NAME)";
				SUPPORTED_PLATFORMS = "macosx iphonesimulator iphoneos";
				SWIFT_EMIT_LOC_STRINGS = NO;
				SWIFT_VERSION = 5.0;
			};
			name = Release;
		};
		73D4EA0426C4801C00C2B9F1 /* Debug */ = {
			isa = XCBuildConfiguration;
			buildSettings = {
				CODE_SIGN_STYLE = Automatic;
				COMBINE_HIDPI_IMAGES = YES;
				DEVELOPMENT_TEAM = 6JHQ8LLMGS;
				GENERATE_INFOPLIST_FILE = YES;
				INFOPLIST_FILE = "";
				LD_RUNPATH_SEARCH_PATHS = (
					"$(inherited)",
					"@executable_path/../Frameworks",
					"@loader_path/../Frameworks",
				);
				MACOSX_DEPLOYMENT_TARGET = 11.0;
				PRODUCT_BUNDLE_IDENTIFIER = rick.the.dev.StargazersAPIEndToEndTests;
				PRODUCT_NAME = "$(TARGET_NAME)";
				SUPPORTED_PLATFORMS = "macosx iphonesimulator iphoneos";
				SWIFT_VERSION = 5.0;
			};
			name = Debug;
		};
		73D4EA0526C4801C00C2B9F1 /* Release */ = {
			isa = XCBuildConfiguration;
			buildSettings = {
				CODE_SIGN_STYLE = Automatic;
				COMBINE_HIDPI_IMAGES = YES;
				DEVELOPMENT_TEAM = 6JHQ8LLMGS;
				GENERATE_INFOPLIST_FILE = YES;
				INFOPLIST_FILE = "";
				LD_RUNPATH_SEARCH_PATHS = (
					"$(inherited)",
					"@executable_path/../Frameworks",
					"@loader_path/../Frameworks",
				);
				MACOSX_DEPLOYMENT_TARGET = 11.0;
				PRODUCT_BUNDLE_IDENTIFIER = rick.the.dev.StargazersAPIEndToEndTests;
				PRODUCT_NAME = "$(TARGET_NAME)";
				SUPPORTED_PLATFORMS = "macosx iphonesimulator iphoneos";
				SWIFT_VERSION = 5.0;
			};
			name = Release;
		};
/* End XCBuildConfiguration section */

/* Begin XCConfigurationList section */
		7301226726BF258F0007B086 /* Build configuration list for PBXProject "Stargazers" */ = {
			isa = XCConfigurationList;
			buildConfigurations = (
				7301227F26BF258F0007B086 /* Debug */,
				7301228026BF258F0007B086 /* Release */,
			);
			defaultConfigurationIsVisible = 0;
			defaultConfigurationName = Release;
		};
		7301228126BF258F0007B086 /* Build configuration list for PBXNativeTarget "Stargazers" */ = {
			isa = XCConfigurationList;
			buildConfigurations = (
				7301228226BF258F0007B086 /* Debug */,
				7301228326BF258F0007B086 /* Release */,
			);
			defaultConfigurationIsVisible = 0;
			defaultConfigurationName = Release;
		};
		7301228426BF258F0007B086 /* Build configuration list for PBXNativeTarget "StargazersTests" */ = {
			isa = XCConfigurationList;
			buildConfigurations = (
				7301228526BF258F0007B086 /* Debug */,
				7301228626BF258F0007B086 /* Release */,
			);
			defaultConfigurationIsVisible = 0;
			defaultConfigurationName = Release;
		};
		733695B5279C17A70066A6C1 /* Build configuration list for PBXNativeTarget "StargazersiOS" */ = {
			isa = XCConfigurationList;
			buildConfigurations = (
				733695B1279C17A70066A6C1 /* Debug */,
				733695B2279C17A70066A6C1 /* Release */,
			);
			defaultConfigurationIsVisible = 0;
			defaultConfigurationName = Release;
		};
		733695B6279C17A70066A6C1 /* Build configuration list for PBXNativeTarget "StargazersiOSTests" */ = {
			isa = XCConfigurationList;
			buildConfigurations = (
				733695B3279C17A70066A6C1 /* Debug */,
				733695B4279C17A70066A6C1 /* Release */,
			);
			defaultConfigurationIsVisible = 0;
			defaultConfigurationName = Release;
		};
		739929922776748800180E02 /* Build configuration list for PBXNativeTarget "StargazersCacheIntegrationTests" */ = {
			isa = XCConfigurationList;
			buildConfigurations = (
				739929902776748800180E02 /* Debug */,
				739929912776748800180E02 /* Release */,
			);
			defaultConfigurationIsVisible = 0;
			defaultConfigurationName = Release;
		};
		73D4EA0626C4801C00C2B9F1 /* Build configuration list for PBXNativeTarget "StargazersAPIEndToEndTests" */ = {
			isa = XCConfigurationList;
			buildConfigurations = (
				73D4EA0426C4801C00C2B9F1 /* Debug */,
				73D4EA0526C4801C00C2B9F1 /* Release */,
			);
			defaultConfigurationIsVisible = 0;
			defaultConfigurationName = Release;
		};
/* End XCConfigurationList section */
	};
	rootObject = 7301226426BF258F0007B086 /* Project object */;
}
